Microsoft Visual Studio Solution File, Format Version 12.00
# Visual Studio Version 17
VisualStudioVersion = 17.5.2.0
MinimumVisualStudioVersion = 10.0.40219.1
Project("{FAE04EC0-301F-11D3-BF4B-00C04F79EFBC}") = "ChessLib", "ChessLib\ChessLib.csproj", "{09C81697-1A83-B005-6803-14D67D73CE1E}"
EndProject
Global
	GlobalSection(SolutionConfigurationPlatforms) = preSolution
		Debug|Any CPU = Debug|Any CPU
		Release|Any CPU = Release|Any CPU
	EndGlobalSection
	GlobalSection(ProjectConfigurationPlatforms) = postSolution
		{09C81697-1A83-B005-6803-14D67D73CE1E}.Debug|Any CPU.ActiveCfg = Debug|Any CPU
		{09C81697-1A83-B005-6803-14D67D73CE1E}.Debug|Any CPU.Build.0 = Debug|Any CPU
		{09C81697-1A83-B005-6803-14D67D73CE1E}.Release|Any CPU.ActiveCfg = Release|Any CPU
		{09C81697-1A83-B005-6803-14D67D73CE1E}.Release|Any CPU.Build.0 = Release|Any CPU
	EndGlobalSection
	GlobalSection(SolutionProperties) = preSolution
		HideSolutionNode = FALSE
	EndGlobalSection
	GlobalSection(ExtensibilityGlobals) = postSolution
		SolutionGuid = {8F0FEB41-0F20-4C3B-BD1D-D8AB836327B0}
	EndGlobalSection
EndGlobal
